
Microsoft Visual Studio Solution File, Format Version 12.00
# Visual Studio 14
VisualStudioVersion = 14.0.25420.1
MinimumVisualStudioVersion = 10.0.40219.1
Project("{FAE04EC0-301F-11D3-BF4B-00C04F79EFBC}") = "Bitfour.bitLoja.Dominio", "..\..\..\BitLoja\Bitfour.bitLoja.Dominio\Bitfour.bitLoja.Dominio.csproj", "{D4DD25FF-2D3F-4476-94B9-6B24F94E095D}"
EndProject
Project("{FAE04EC0-301F-11D3-BF4B-00C04F79EFBC}") = "Bitfour.bitLoja.Web", "..\..\..\BitLoja\Bitfour.bitLoja.Web\Bitfour.bitLoja.Web.csproj", "{F5C51009-B226-4FF9-AC67-D810A7956AE0}"
EndProject
Project("{FAE04EC0-301F-11D3-BF4B-00C04F79EFBC}") = "Bitfour.BitLoja.UnitTest", "..\..\..\BitLoja\Bitfour.BitLoja.UnitTest\Bitfour.BitLoja.UnitTest.csproj", "{BBD7EA4E-8995-4CFD-AB2C-12F35A81E2E4}"
EndProject
Global
	GlobalSection(SolutionConfigurationPlatforms) = preSolution
		Debug|Any CPU = Debug|Any CPU
		Release|Any CPU = Release|Any CPU
	EndGlobalSection
	GlobalSection(ProjectConfigurationPlatforms) = postSolution
		{D4DD25FF-2D3F-4476-94B9-6B24F94E095D}.Debug|Any CPU.ActiveCfg = Debug|Any CPU
		{D4DD25FF-2D3F-4476-94B9-6B24F94E095D}.Debug|Any CPU.Build.0 = Debug|Any CPU
		{D4DD25FF-2D3F-4476-94B9-6B24F94E095D}.Release|Any CPU.ActiveCfg = Release|Any CPU
		{D4DD25FF-2D3F-4476-94B9-6B24F94E095D}.Release|Any CPU.Build.0 = Release|Any CPU
		{F5C51009-B226-4FF9-AC67-D810A7956AE0}.Debug|Any CPU.ActiveCfg = Debug|Any CPU
		{F5C51009-B226-4FF9-AC67-D810A7956AE0}.Debug|Any CPU.Build.0 = Debug|Any CPU
		{F5C51009-B226-4FF9-AC67-D810A7956AE0}.Release|Any CPU.ActiveCfg = Release|Any CPU
		{F5C51009-B226-4FF9-AC67-D810A7956AE0}.Release|Any CPU.Build.0 = Release|Any CPU
		{BBD7EA4E-8995-4CFD-AB2C-12F35A81E2E4}.Debug|Any CPU.ActiveCfg = Debug|Any CPU
		{BBD7EA4E-8995-4CFD-AB2C-12F35A81E2E4}.Debug|Any CPU.Build.0 = Debug|Any CPU
		{BBD7EA4E-8995-4CFD-AB2C-12F35A81E2E4}.Release|Any CPU.ActiveCfg = Release|Any CPU
		{BBD7EA4E-8995-4CFD-AB2C-12F35A81E2E4}.Release|Any CPU.Build.0 = Release|Any CPU
	EndGlobalSection
	GlobalSection(SolutionProperties) = preSolution
		HideSolutionNode = FALSE
	EndGlobalSection
EndGlobal
